
Microsoft Visual Studio Solution File, Format Version 12.00
# Visual Studio Version 17
VisualStudioVersion = 17.10.35122.118
MinimumVisualStudioVersion = 10.0.40219.1
Project("{9A19103F-16F7-4668-BE54-9A1E7A4F7556}") = "HealthMate", "HealthMate.csproj", "{54755737-9984-4A77-A3DF-38739FAC7F2D}"
EndProject
Project("{9A19103F-16F7-4668-BE54-9A1E7A4F7556}") = "HealthMate.DAL", "..\HealthMate.DAL\HealthMate.DAL.csproj", "{532DC711-E7BF-4324-8C60-3DADA9D0AEE4}"
EndProject
Project("{9A19103F-16F7-4668-BE54-9A1E7A4F7556}") = "HealthMate.BLL", "..\HealthMate.BLL\HealthMate.BLL.csproj", "{7EE8747B-A4AC-4085-A256-DF7EBF91960F}"
EndProject
Project("{FAE04EC0-301F-11D3-BF4B-00C04F79EFBC}") = "HealthMate.Tests", "..\HealthMate.Tests\HealthMate.Tests.csproj", "{8F023FA0-C51F-4E6D-A6CB-D1966DD21B5D}"
EndProject
Global
	GlobalSection(SolutionConfigurationPlatforms) = preSolution
		Debug|Any CPU = Debug|Any CPU
		Release|Any CPU = Release|Any CPU
	EndGlobalSection
	GlobalSection(ProjectConfigurationPlatforms) = postSolution
		{54755737-9984-4A77-A3DF-38739FAC7F2D}.Debug|Any CPU.ActiveCfg = Debug|Any CPU
		{54755737-9984-4A77-A3DF-38739FAC7F2D}.Debug|Any CPU.Build.0 = Debug|Any CPU
		{54755737-9984-4A77-A3DF-38739FAC7F2D}.Release|Any CPU.ActiveCfg = Release|Any CPU
		{54755737-9984-4A77-A3DF-38739FAC7F2D}.Release|Any CPU.Build.0 = Release|Any CPU
		{532DC711-E7BF-4324-8C60-3DADA9D0AEE4}.Debug|Any CPU.ActiveCfg = Debug|Any CPU
		{532DC711-E7BF-4324-8C60-3DADA9D0AEE4}.Debug|Any CPU.Build.0 = Debug|Any CPU
		{532DC711-E7BF-4324-8C60-3DADA9D0AEE4}.Release|Any CPU.ActiveCfg = Release|Any CPU
		{532DC711-E7BF-4324-8C60-3DADA9D0AEE4}.Release|Any CPU.Build.0 = Release|Any CPU
		{7EE8747B-A4AC-4085-A256-DF7EBF91960F}.Debug|Any CPU.ActiveCfg = Debug|Any CPU
		{7EE8747B-A4AC-4085-A256-DF7EBF91960F}.Debug|Any CPU.Build.0 = Debug|Any CPU
		{7EE8747B-A4AC-4085-A256-DF7EBF91960F}.Release|Any CPU.ActiveCfg = Release|Any CPU
		{7EE8747B-A4AC-4085-A256-DF7EBF91960F}.Release|Any CPU.Build.0 = Release|Any CPU
		{8F023FA0-C51F-4E6D-A6CB-D1966DD21B5D}.Debug|Any CPU.ActiveCfg = Debug|Any CPU
		{8F023FA0-C51F-4E6D-A6CB-D1966DD21B5D}.Debug|Any CPU.Build.0 = Debug|Any CPU
		{8F023FA0-C51F-4E6D-A6CB-D1966DD21B5D}.Release|Any CPU.ActiveCfg = Release|Any CPU
		{8F023FA0-C51F-4E6D-A6CB-D1966DD21B5D}.Release|Any CPU.Build.0 = Release|Any CPU
	EndGlobalSection
	GlobalSection(SolutionProperties) = preSolution
		HideSolutionNode = FALSE
	EndGlobalSection
	GlobalSection(ExtensibilityGlobals) = postSolution
		SolutionGuid = {257AC7AE-E9A0-4EA6-AE27-EF797A4B2C88}
	EndGlobalSection
EndGlobal
